
Microsoft Visual Studio Solution File, Format Version 12.00
Project("{FAE04EC0-301F-11D3-BF4B-00C04F79EFBC}") = "WebService", "WebService\WebService.csproj", "{D99979B1-4A7E-436D-A8AF-682F0822D7E0}"
EndProject
Project("{2150E333-8FDC-42A3-9474-1A3956D46DE8}") = "Solution Items", "Solution Items", "{36DC3413-1EF2-4261-BA4B-A38325C8ACF9}"
	ProjectSection(SolutionItems) = preProject
		docker-compose.yml = docker-compose.yml
	EndProjectSection
EndProject
Project("{FAE04EC0-301F-11D3-BF4B-00C04F79EFBC}") = "ChatService", "ChatService\ChatService.csproj", "{54CCCBAE-C5E0-43AB-9814-13971183C20B}"
EndProject
Project("{FAE04EC0-301F-11D3-BF4B-00C04F79EFBC}") = "UserMappingService", "UserMappingService\UserMappingService.csproj", "{567322CC-FE75-4E6B-B7F4-B0A79FA9FA73}"
EndProject
Project("{FAE04EC0-301F-11D3-BF4B-00C04F79EFBC}") = "NotificationService", "NotificationService\NotificationService.csproj", "{2AFB2B02-8AFD-4671-8BE6-CF366FC65FC1}"
EndProject
Project("{FAE04EC0-301F-11D3-BF4B-00C04F79EFBC}") = "PresenceService", "PresenceService\PresenceService.csproj", "{A3CD326A-E706-4908-8692-6FF7E86621A2}"
EndProject
Global
	GlobalSection(SolutionConfigurationPlatforms) = preSolution
		Debug|Any CPU = Debug|Any CPU
		Release|Any CPU = Release|Any CPU
	EndGlobalSection
	GlobalSection(ProjectConfigurationPlatforms) = postSolution
		{D99979B1-4A7E-436D-A8AF-682F0822D7E0}.Debug|Any CPU.ActiveCfg = Debug|Any CPU
		{D99979B1-4A7E-436D-A8AF-682F0822D7E0}.Debug|Any CPU.Build.0 = Debug|Any CPU
		{D99979B1-4A7E-436D-A8AF-682F0822D7E0}.Release|Any CPU.ActiveCfg = Release|Any CPU
		{D99979B1-4A7E-436D-A8AF-682F0822D7E0}.Release|Any CPU.Build.0 = Release|Any CPU
		{54CCCBAE-C5E0-43AB-9814-13971183C20B}.Debug|Any CPU.ActiveCfg = Debug|Any CPU
		{54CCCBAE-C5E0-43AB-9814-13971183C20B}.Debug|Any CPU.Build.0 = Debug|Any CPU
		{54CCCBAE-C5E0-43AB-9814-13971183C20B}.Release|Any CPU.ActiveCfg = Release|Any CPU
		{54CCCBAE-C5E0-43AB-9814-13971183C20B}.Release|Any CPU.Build.0 = Release|Any CPU
		{567322CC-FE75-4E6B-B7F4-B0A79FA9FA73}.Debug|Any CPU.ActiveCfg = Debug|Any CPU
		{567322CC-FE75-4E6B-B7F4-B0A79FA9FA73}.Debug|Any CPU.Build.0 = Debug|Any CPU
		{567322CC-FE75-4E6B-B7F4-B0A79FA9FA73}.Release|Any CPU.ActiveCfg = Release|Any CPU
		{567322CC-FE75-4E6B-B7F4-B0A79FA9FA73}.Release|Any CPU.Build.0 = Release|Any CPU
		{2AFB2B02-8AFD-4671-8BE6-CF366FC65FC1}.Debug|Any CPU.ActiveCfg = Debug|Any CPU
		{2AFB2B02-8AFD-4671-8BE6-CF366FC65FC1}.Debug|Any CPU.Build.0 = Debug|Any CPU
		{2AFB2B02-8AFD-4671-8BE6-CF366FC65FC1}.Release|Any CPU.ActiveCfg = Release|Any CPU
		{2AFB2B02-8AFD-4671-8BE6-CF366FC65FC1}.Release|Any CPU.Build.0 = Release|Any CPU
		{A3CD326A-E706-4908-8692-6FF7E86621A2}.Debug|Any CPU.ActiveCfg = Debug|Any CPU
		{A3CD326A-E706-4908-8692-6FF7E86621A2}.Debug|Any CPU.Build.0 = Debug|Any CPU
		{A3CD326A-E706-4908-8692-6FF7E86621A2}.Release|Any CPU.ActiveCfg = Release|Any CPU
		{A3CD326A-E706-4908-8692-6FF7E86621A2}.Release|Any CPU.Build.0 = Release|Any CPU
	EndGlobalSection
EndGlobal
